{
  "name": "shemaxpoetry",
  "version": "1.0.0",
  "lockfileVersion": 3,
  "requires": true,
  "packages": {
    "": {
      "name": "shemaxpoetry",
      "version": "1.0.0",
      "devDependencies": {
        "@cloudflare/workers-types": "^4.20260616.1"
      }
    },
    "node_modules/@cloudflare/workers-types": {
      "version": "4.20260616.1",
      "resolved": "https://registry.npmjs.org/@cloudflare/workers-types/-/workers-types-4.20260616.1.tgz",
      "integrity": "sha512-AHyA0NC2/gNOHiMN6vzS25xenMaQ0XTzfw+MUQSQHXQDjLldxCBwjjtbNfKhBg540qGXIEx31kM1+L84GyECJw==",
      "dev": true,
      "license": "MIT OR Apache-2.0"
    }
  }
}
